
Microsoft Visual Studio Solution File, Format Version 12.00
# Visual Studio Version 16
VisualStudioVersion = 16.0.32428.217
MinimumVisualStudioVersion = 10.0.40219.1
Project("{9A19103F-16F7-4668-BE54-9A1E7A4F7556}") = "viselica", "viselica\viselica.csproj", "{EE3E5B2A-38F3-4D12-A947-59CACDB01A51}"
EndProject
Global
	GlobalSection(SolutionConfigurationPlatforms) = preSolution
		Debug|Any CPU = Debug|Any CPU
		Release|Any CPU = Release|Any CPU
	EndGlobalSection
	GlobalSection(ProjectConfigurationPlatforms) = postSolution
		{EE3E5B2A-38F3-4D12-A947-59CACDB01A51}.Debug|Any CPU.ActiveCfg = Debug|Any CPU
		{EE3E5B2A-38F3-4D12-A947-59CACDB01A51}.Debug|Any CPU.Build.0 = Debug|Any CPU
		{EE3E5B2A-38F3-4D12-A947-59CACDB01A51}.Release|Any CPU.ActiveCfg = Release|Any CPU
		{EE3E5B2A-38F3-4D12-A947-59CACDB01A51}.Release|Any CPU.Build.0 = Release|Any CPU
	EndGlobalSection
	GlobalSection(SolutionProperties) = preSolution
		HideSolutionNode = FALSE
	EndGlobalSection
	GlobalSection(ExtensibilityGlobals) = postSolution
		SolutionGuid = {8D7FBD71-6A4E-4346-9805-9B5596C9DB9E}
	EndGlobalSection
EndGlobal
